
Microsoft Visual Studio Solution File, Format Version 12.00
# Visual Studio Version 17
VisualStudioVersion = 17.14.36518.9 d17.14
MinimumVisualStudioVersion = 10.0.40219.1
Project("{FAE04EC0-301F-11D3-BF4B-00C04F79EFBC}") = "Exambilet", "Exambilet\Exambilet.csproj", "{94FCAAC9-AF38-4715-A3C4-3267E54171A0}"
EndProject
Global
	GlobalSection(SolutionConfigurationPlatforms) = preSolution
		Debug|Any CPU = Debug|Any CPU
		Release|Any CPU = Release|Any CPU
	EndGlobalSection
	GlobalSection(ProjectConfigurationPlatforms) = postSolution
		{94FCAAC9-AF38-4715-A3C4-3267E54171A0}.Debug|Any CPU.ActiveCfg = Debug|Any CPU
		{94FCAAC9-AF38-4715-A3C4-3267E54171A0}.Debug|Any CPU.Build.0 = Debug|Any CPU
		{94FCAAC9-AF38-4715-A3C4-3267E54171A0}.Release|Any CPU.ActiveCfg = Release|Any CPU
		{94FCAAC9-AF38-4715-A3C4-3267E54171A0}.Release|Any CPU.Build.0 = Release|Any CPU
	EndGlobalSection
	GlobalSection(SolutionProperties) = preSolution
		HideSolutionNode = FALSE
	EndGlobalSection
	GlobalSection(ExtensibilityGlobals) = postSolution
		SolutionGuid = {9F01CC27-BC1E-4897-AE42-20C030B4CB83}
	EndGlobalSection
EndGlobal
